
Microsoft Visual Studio Solution File, Format Version 12.00
Project("{2150E333-8FDC-42A3-9474-1A3956D46DE8}") = "Session1", "Session1", "{D905FE74-33DB-4223-A1C1-51D1156FEE56}"
EndProject
Project("{FAE04EC0-301F-11D3-BF4B-00C04F79EFBC}") = "S1_E1", "Session1\S1_E1\S1_E1.csproj", "{F8D04301-5206-437F-8731-34EEC383BFB8}"
EndProject
Project("{FAE04EC0-301F-11D3-BF4B-00C04F79EFBC}") = "S1_Ex2", "Session1\S1_Ex2\S1_Ex2.csproj", "{404CCC12-EB5F-4812-86A3-4E8AD9EEC0E1}"
EndProject
Project("{2150E333-8FDC-42A3-9474-1A3956D46DE8}") = "Session2", "Session2", "{0A82D02D-FA35-434B-AE05-25ACB1EB5B55}"
EndProject
Project("{FAE04EC0-301F-11D3-BF4B-00C04F79EFBC}") = "S1_Ex3", "Session1\S1_Ex3\S1_Ex3.csproj", "{01FF3A15-8209-4D7F-87E1-56FEADD71885}"
EndProject
Project("{FAE04EC0-301F-11D3-BF4B-00C04F79EFBC}") = "S2_Ex1", "Session2\S2_Ex1\S2_Ex1.csproj", "{8CF6D16E-8F38-4190-BB69-AF4470FCBB34}"
EndProject
Project("{FAE04EC0-301F-11D3-BF4B-00C04F79EFBC}") = "S1_eex4", "Session1\S1_eex4\S1_eex4.csproj", "{7C6F2639-149A-494C-A410-ED1BC7BD8B7D}"
EndProject
Project("{FAE04EC0-301F-11D3-BF4B-00C04F79EFBC}") = "S1_Ex5", "Session1\S1_Ex5\S1_Ex5.csproj", "{23FA482D-9287-40E9-928B-040AEA60707A}"
EndProject
Project("{FAE04EC0-301F-11D3-BF4B-00C04F79EFBC}") = "ex4", "Session1\ex4\ex4.csproj", "{EB169BEA-5403-41A2-80E5-49D40F0D10FF}"
EndProject
Project("{FAE04EC0-301F-11D3-BF4B-00C04F79EFBC}") = "ex5", "Session1\ex5\ex5.csproj", "{BEE72BBF-03A1-46C7-958A-A5FF4F0DB278}"
EndProject
Project("{FAE04EC0-301F-11D3-BF4B-00C04F79EFBC}") = "ex6", "Session1\ex6\ex6.csproj", "{654BFDA4-639C-41B8-96FA-0717D46B8EA5}"
EndProject
Project("{FAE04EC0-301F-11D3-BF4B-00C04F79EFBC}") = "ex7", "Session1\ex7\ex7.csproj", "{1711BC84-0376-435B-BB94-18367848C946}"
EndProject
Project("{FAE04EC0-301F-11D3-BF4B-00C04F79EFBC}") = "ex8", "Session1\ex8\ex8.csproj", "{EB483DE9-E6CF-49A5-AA4C-83ADB413B749}"
EndProject
Project("{FAE04EC0-301F-11D3-BF4B-00C04F79EFBC}") = "S2_E1", "Session2\S2_E1\S2_E1.csproj", "{091D1D4C-2971-448A-BFA6-C747B4F13A8B}"
EndProject
Project("{FAE04EC0-301F-11D3-BF4B-00C04F79EFBC}") = "S2_Ex4", "Session2\S2_Ex4\S2_Ex4.csproj", "{C11EEBF2-82FA-446D-8B88-1AEC0D77A0C0}"
EndProject
Project("{FAE04EC0-301F-11D3-BF4B-00C04F79EFBC}") = "S2_Ex5", "Session2\S2_Ex5\S2_Ex5.csproj", "{D950D364-1036-4218-930D-103CD6BED5BB}"
EndProject
Project("{FAE04EC0-301F-11D3-BF4B-00C04F79EFBC}") = "S2_Ex6", "Session2\S2_Ex6\S2_Ex6.csproj", "{6C8C566F-7F5E-47C4-9B32-6EA7C5F201BC}"
EndProject
Project("{2150E333-8FDC-42A3-9474-1A3956D46DE8}") = "Session3", "Session3", "{A776C042-B1A9-45B9-ADE7-E98601175B28}"
EndProject
Project("{FAE04EC0-301F-11D3-BF4B-00C04F79EFBC}") = "Ex1_Session3", "Ex1_Session3\Ex1_Session3.csproj", "{35AD0A42-27AE-4CD8-A80E-BF97B51EDEF7}"
EndProject
Project("{FAE04EC0-301F-11D3-BF4B-00C04F79EFBC}") = "Ex2_Session3", "Ex2_Session3\Ex2_Session3.csproj", "{CB1A967B-0A36-4067-92D6-30141DDA0E90}"
EndProject
Project("{2150E333-8FDC-42A3-9474-1A3956D46DE8}") = "Session4", "Session4", "{BFD00CEC-B612-4B9E-8A2C-F48349B3B031}"
EndProject
Project("{FAE04EC0-301F-11D3-BF4B-00C04F79EFBC}") = "DefaultBlazorProject", "DefaultBlazorProject\DefaultBlazorProject.csproj", "{EE7AC007-8A42-4532-9F26-4341E25EF425}"
EndProject
Project("{FAE04EC0-301F-11D3-BF4B-00C04F79EFBC}") = "AdvancedToDo", "AdvancedToDo\AdvancedToDo.csproj", "{78D90E23-2A60-4E97-B105-A5390879DA03}"
EndProject
Project("{2150E333-8FDC-42A3-9474-1A3956D46DE8}") = "Session5", "Session5", "{7691A3AA-03B9-4221-B5BB-5D37A5904877}"
EndProject
Project("{FAE04EC0-301F-11D3-BF4B-00C04F79EFBC}") = "Ex1-Simple setup", "Ex1-Simple setup\Ex1-Simple setup.csproj", "{4F7CAF9F-8C20-4749-A0BA-A724485E8EF0}"
EndProject
Project("{FAE04EC0-301F-11D3-BF4B-00C04F79EFBC}") = "Assignment1", "Assignment1\Assignment1.csproj", "{524F102B-7C2F-4B5F-BCD2-2ABAF3E2ABC9}"
EndProject
Project("{FAE04EC0-301F-11D3-BF4B-00C04F79EFBC}") = "Assignment", "Assignment\Assignment.csproj", "{0224D8A5-604B-49BD-8FEB-908D370D9C3E}"
EndProject
Global
	GlobalSection(SolutionConfigurationPlatforms) = preSolution
		Debug|Any CPU = Debug|Any CPU
		Release|Any CPU = Release|Any CPU
	EndGlobalSection
	GlobalSection(NestedProjects) = preSolution
		{F8D04301-5206-437F-8731-34EEC383BFB8} = {D905FE74-33DB-4223-A1C1-51D1156FEE56}
		{404CCC12-EB5F-4812-86A3-4E8AD9EEC0E1} = {D905FE74-33DB-4223-A1C1-51D1156FEE56}
		{01FF3A15-8209-4D7F-87E1-56FEADD71885} = {D905FE74-33DB-4223-A1C1-51D1156FEE56}
		{8CF6D16E-8F38-4190-BB69-AF4470FCBB34} = {0A82D02D-FA35-434B-AE05-25ACB1EB5B55}
		{7C6F2639-149A-494C-A410-ED1BC7BD8B7D} = {D905FE74-33DB-4223-A1C1-51D1156FEE56}
		{23FA482D-9287-40E9-928B-040AEA60707A} = {D905FE74-33DB-4223-A1C1-51D1156FEE56}
		{EB169BEA-5403-41A2-80E5-49D40F0D10FF} = {D905FE74-33DB-4223-A1C1-51D1156FEE56}
		{BEE72BBF-03A1-46C7-958A-A5FF4F0DB278} = {D905FE74-33DB-4223-A1C1-51D1156FEE56}
		{654BFDA4-639C-41B8-96FA-0717D46B8EA5} = {D905FE74-33DB-4223-A1C1-51D1156FEE56}
		{1711BC84-0376-435B-BB94-18367848C946} = {D905FE74-33DB-4223-A1C1-51D1156FEE56}
		{EB483DE9-E6CF-49A5-AA4C-83ADB413B749} = {D905FE74-33DB-4223-A1C1-51D1156FEE56}
		{091D1D4C-2971-448A-BFA6-C747B4F13A8B} = {0A82D02D-FA35-434B-AE05-25ACB1EB5B55}
		{C11EEBF2-82FA-446D-8B88-1AEC0D77A0C0} = {0A82D02D-FA35-434B-AE05-25ACB1EB5B55}
		{D950D364-1036-4218-930D-103CD6BED5BB} = {0A82D02D-FA35-434B-AE05-25ACB1EB5B55}
		{6C8C566F-7F5E-47C4-9B32-6EA7C5F201BC} = {0A82D02D-FA35-434B-AE05-25ACB1EB5B55}
		{35AD0A42-27AE-4CD8-A80E-BF97B51EDEF7} = {A776C042-B1A9-45B9-ADE7-E98601175B28}
		{CB1A967B-0A36-4067-92D6-30141DDA0E90} = {A776C042-B1A9-45B9-ADE7-E98601175B28}
		{EE7AC007-8A42-4532-9F26-4341E25EF425} = {BFD00CEC-B612-4B9E-8A2C-F48349B3B031}
		{78D90E23-2A60-4E97-B105-A5390879DA03} = {BFD00CEC-B612-4B9E-8A2C-F48349B3B031}
		{4F7CAF9F-8C20-4749-A0BA-A724485E8EF0} = {7691A3AA-03B9-4221-B5BB-5D37A5904877}
	EndGlobalSection
	GlobalSection(ProjectConfigurationPlatforms) = postSolution
		{F8D04301-5206-437F-8731-34EEC383BFB8}.Debug|Any CPU.ActiveCfg = Debug|Any CPU
		{F8D04301-5206-437F-8731-34EEC383BFB8}.Debug|Any CPU.Build.0 = Debug|Any CPU
		{F8D04301-5206-437F-8731-34EEC383BFB8}.Release|Any CPU.ActiveCfg = Release|Any CPU
		{F8D04301-5206-437F-8731-34EEC383BFB8}.Release|Any CPU.Build.0 = Release|Any CPU
		{404CCC12-EB5F-4812-86A3-4E8AD9EEC0E1}.Debug|Any CPU.ActiveCfg = Debug|Any CPU
		{404CCC12-EB5F-4812-86A3-4E8AD9EEC0E1}.Debug|Any CPU.Build.0 = Debug|Any CPU
		{404CCC12-EB5F-4812-86A3-4E8AD9EEC0E1}.Release|Any CPU.ActiveCfg = Release|Any CPU
		{404CCC12-EB5F-4812-86A3-4E8AD9EEC0E1}.Release|Any CPU.Build.0 = Release|Any CPU
		{01FF3A15-8209-4D7F-87E1-56FEADD71885}.Debug|Any CPU.ActiveCfg = Debug|Any CPU
		{01FF3A15-8209-4D7F-87E1-56FEADD71885}.Debug|Any CPU.Build.0 = Debug|Any CPU
		{01FF3A15-8209-4D7F-87E1-56FEADD71885}.Release|Any CPU.ActiveCfg = Release|Any CPU
		{01FF3A15-8209-4D7F-87E1-56FEADD71885}.Release|Any CPU.Build.0 = Release|Any CPU
		{8CF6D16E-8F38-4190-BB69-AF4470FCBB34}.Debug|Any CPU.ActiveCfg = Debug|Any CPU
		{8CF6D16E-8F38-4190-BB69-AF4470FCBB34}.Debug|Any CPU.Build.0 = Debug|Any CPU
		{8CF6D16E-8F38-4190-BB69-AF4470FCBB34}.Release|Any CPU.ActiveCfg = Release|Any CPU
		{8CF6D16E-8F38-4190-BB69-AF4470FCBB34}.Release|Any CPU.Build.0 = Release|Any CPU
		{7C6F2639-149A-494C-A410-ED1BC7BD8B7D}.Debug|Any CPU.ActiveCfg = Debug|Any CPU
		{7C6F2639-149A-494C-A410-ED1BC7BD8B7D}.Debug|Any CPU.Build.0 = Debug|Any CPU
		{7C6F2639-149A-494C-A410-ED1BC7BD8B7D}.Release|Any CPU.ActiveCfg = Release|Any CPU
		{7C6F2639-149A-494C-A410-ED1BC7BD8B7D}.Release|Any CPU.Build.0 = Release|Any CPU
		{23FA482D-9287-40E9-928B-040AEA60707A}.Debug|Any CPU.ActiveCfg = Debug|Any CPU
		{23FA482D-9287-40E9-928B-040AEA60707A}.Debug|Any CPU.Build.0 = Debug|Any CPU
		{23FA482D-9287-40E9-928B-040AEA60707A}.Release|Any CPU.ActiveCfg = Release|Any CPU
		{23FA482D-9287-40E9-928B-040AEA60707A}.Release|Any CPU.Build.0 = Release|Any CPU
		{EB169BEA-5403-41A2-80E5-49D40F0D10FF}.Debug|Any CPU.ActiveCfg = Debug|Any CPU
		{EB169BEA-5403-41A2-80E5-49D40F0D10FF}.Debug|Any CPU.Build.0 = Debug|Any CPU
		{EB169BEA-5403-41A2-80E5-49D40F0D10FF}.Release|Any CPU.ActiveCfg = Release|Any CPU
		{EB169BEA-5403-41A2-80E5-49D40F0D10FF}.Release|Any CPU.Build.0 = Release|Any CPU
		{BEE72BBF-03A1-46C7-958A-A5FF4F0DB278}.Debug|Any CPU.ActiveCfg = Debug|Any CPU
		{BEE72BBF-03A1-46C7-958A-A5FF4F0DB278}.Debug|Any CPU.Build.0 = Debug|Any CPU
		{BEE72BBF-03A1-46C7-958A-A5FF4F0DB278}.Release|Any CPU.ActiveCfg = Release|Any CPU
		{BEE72BBF-03A1-46C7-958A-A5FF4F0DB278}.Release|Any CPU.Build.0 = Release|Any CPU
		{654BFDA4-639C-41B8-96FA-0717D46B8EA5}.Debug|Any CPU.ActiveCfg = Debug|Any CPU
		{654BFDA4-639C-41B8-96FA-0717D46B8EA5}.Debug|Any CPU.Build.0 = Debug|Any CPU
		{654BFDA4-639C-41B8-96FA-0717D46B8EA5}.Release|Any CPU.ActiveCfg = Release|Any CPU
		{654BFDA4-639C-41B8-96FA-0717D46B8EA5}.Release|Any CPU.Build.0 = Release|Any CPU
		{1711BC84-0376-435B-BB94-18367848C946}.Debug|Any CPU.ActiveCfg = Debug|Any CPU
		{1711BC84-0376-435B-BB94-18367848C946}.Debug|Any CPU.Build.0 = Debug|Any CPU
		{1711BC84-0376-435B-BB94-18367848C946}.Release|Any CPU.ActiveCfg = Release|Any CPU
		{1711BC84-0376-435B-BB94-18367848C946}.Release|Any CPU.Build.0 = Release|Any CPU
		{EB483DE9-E6CF-49A5-AA4C-83ADB413B749}.Debug|Any CPU.ActiveCfg = Debug|Any CPU
		{EB483DE9-E6CF-49A5-AA4C-83ADB413B749}.Debug|Any CPU.Build.0 = Debug|Any CPU
		{EB483DE9-E6CF-49A5-AA4C-83ADB413B749}.Release|Any CPU.ActiveCfg = Release|Any CPU
		{EB483DE9-E6CF-49A5-AA4C-83ADB413B749}.Release|Any CPU.Build.0 = Release|Any CPU
		{091D1D4C-2971-448A-BFA6-C747B4F13A8B}.Debug|Any CPU.ActiveCfg = Debug|Any CPU
		{091D1D4C-2971-448A-BFA6-C747B4F13A8B}.Debug|Any CPU.Build.0 = Debug|Any CPU
		{091D1D4C-2971-448A-BFA6-C747B4F13A8B}.Release|Any CPU.ActiveCfg = Release|Any CPU
		{091D1D4C-2971-448A-BFA6-C747B4F13A8B}.Release|Any CPU.Build.0 = Release|Any CPU
		{C11EEBF2-82FA-446D-8B88-1AEC0D77A0C0}.Debug|Any CPU.ActiveCfg = Debug|Any CPU
		{C11EEBF2-82FA-446D-8B88-1AEC0D77A0C0}.Debug|Any CPU.Build.0 = Debug|Any CPU
		{C11EEBF2-82FA-446D-8B88-1AEC0D77A0C0}.Release|Any CPU.ActiveCfg = Release|Any CPU
		{C11EEBF2-82FA-446D-8B88-1AEC0D77A0C0}.Release|Any CPU.Build.0 = Release|Any CPU
		{D950D364-1036-4218-930D-103CD6BED5BB}.Debug|Any CPU.ActiveCfg = Debug|Any CPU
		{D950D364-1036-4218-930D-103CD6BED5BB}.Debug|Any CPU.Build.0 = Debug|Any CPU
		{D950D364-1036-4218-930D-103CD6BED5BB}.Release|Any CPU.ActiveCfg = Release|Any CPU
		{D950D364-1036-4218-930D-103CD6BED5BB}.Release|Any CPU.Build.0 = Release|Any CPU
		{6C8C566F-7F5E-47C4-9B32-6EA7C5F201BC}.Debug|Any CPU.ActiveCfg = Debug|Any CPU
		{6C8C566F-7F5E-47C4-9B32-6EA7C5F201BC}.Debug|Any CPU.Build.0 = Debug|Any CPU
		{6C8C566F-7F5E-47C4-9B32-6EA7C5F201BC}.Release|Any CPU.ActiveCfg = Release|Any CPU
		{6C8C566F-7F5E-47C4-9B32-6EA7C5F201BC}.Release|Any CPU.Build.0 = Release|Any CPU
		{35AD0A42-27AE-4CD8-A80E-BF97B51EDEF7}.Debug|Any CPU.ActiveCfg = Debug|Any CPU
		{35AD0A42-27AE-4CD8-A80E-BF97B51EDEF7}.Debug|Any CPU.Build.0 = Debug|Any CPU
		{35AD0A42-27AE-4CD8-A80E-BF97B51EDEF7}.Release|Any CPU.ActiveCfg = Release|Any CPU
		{35AD0A42-27AE-4CD8-A80E-BF97B51EDEF7}.Release|Any CPU.Build.0 = Release|Any CPU
		{CB1A967B-0A36-4067-92D6-30141DDA0E90}.Debug|Any CPU.ActiveCfg = Debug|Any CPU
		{CB1A967B-0A36-4067-92D6-30141DDA0E90}.Debug|Any CPU.Build.0 = Debug|Any CPU
		{CB1A967B-0A36-4067-92D6-30141DDA0E90}.Release|Any CPU.ActiveCfg = Release|Any CPU
		{CB1A967B-0A36-4067-92D6-30141DDA0E90}.Release|Any CPU.Build.0 = Release|Any CPU
		{EE7AC007-8A42-4532-9F26-4341E25EF425}.Debug|Any CPU.ActiveCfg = Debug|Any CPU
		{EE7AC007-8A42-4532-9F26-4341E25EF425}.Debug|Any CPU.Build.0 = Debug|Any CPU
		{EE7AC007-8A42-4532-9F26-4341E25EF425}.Release|Any CPU.ActiveCfg = Release|Any CPU
		{EE7AC007-8A42-4532-9F26-4341E25EF425}.Release|Any CPU.Build.0 = Release|Any CPU
		{78D90E23-2A60-4E97-B105-A5390879DA03}.Debug|Any CPU.ActiveCfg = Debug|Any CPU
		{78D90E23-2A60-4E97-B105-A5390879DA03}.Debug|Any CPU.Build.0 = Debug|Any CPU
		{78D90E23-2A60-4E97-B105-A5390879DA03}.Release|Any CPU.ActiveCfg = Release|Any CPU
		{78D90E23-2A60-4E97-B105-A5390879DA03}.Release|Any CPU.Build.0 = Release|Any CPU
		{4F7CAF9F-8C20-4749-A0BA-A724485E8EF0}.Debug|Any CPU.ActiveCfg = Debug|Any CPU
		{4F7CAF9F-8C20-4749-A0BA-A724485E8EF0}.Debug|Any CPU.Build.0 = Debug|Any CPU
		{4F7CAF9F-8C20-4749-A0BA-A724485E8EF0}.Release|Any CPU.ActiveCfg = Release|Any CPU
		{4F7CAF9F-8C20-4749-A0BA-A724485E8EF0}.Release|Any CPU.Build.0 = Release|Any CPU
		{524F102B-7C2F-4B5F-BCD2-2ABAF3E2ABC9}.Debug|Any CPU.ActiveCfg = Debug|Any CPU
		{524F102B-7C2F-4B5F-BCD2-2ABAF3E2ABC9}.Debug|Any CPU.Build.0 = Debug|Any CPU
		{524F102B-7C2F-4B5F-BCD2-2ABAF3E2ABC9}.Release|Any CPU.ActiveCfg = Release|Any CPU
		{524F102B-7C2F-4B5F-BCD2-2ABAF3E2ABC9}.Release|Any CPU.Build.0 = Release|Any CPU
		{0224D8A5-604B-49BD-8FEB-908D370D9C3E}.Debug|Any CPU.ActiveCfg = Debug|Any CPU
		{0224D8A5-604B-49BD-8FEB-908D370D9C3E}.Debug|Any CPU.Build.0 = Debug|Any CPU
		{0224D8A5-604B-49BD-8FEB-908D370D9C3E}.Release|Any CPU.ActiveCfg = Release|Any CPU
		{0224D8A5-604B-49BD-8FEB-908D370D9C3E}.Release|Any CPU.Build.0 = Release|Any CPU
	EndGlobalSection
EndGlobal
